# This file is generated by running "yarn install" inside your project.
# Manual changes might be lost - proceed with caution!

__metadata:
  version: 6
  cacheKey: 8

"@esbuild/android-arm64@npm:0.19.5":
  version: 0.19.5
  resolution: "@esbuild/android-arm64@npm:0.19.5"
  conditions: os=android & cpu=arm64
  languageName: node
  linkType: hard

"@esbuild/android-arm@npm:0.19.5":
  version: 0.19.5
  resolution: "@esbuild/android-arm@npm:0.19.5"
  conditions: os=android & cpu=arm
  languageName: node
  linkType: hard

"@esbuild/android-x64@npm:0.19.5":
  version: 0.19.5
  resolution: "@esbuild/android-x64@npm:0.19.5"
  conditions: os=android & cpu=x64
  languageName: node
  linkType: hard

"@esbuild/darwin-arm64@npm:0.19.5":
  version: 0.19.5
  resolution: "@esbuild/darwin-arm64@npm:0.19.5"
  conditions: os=darwin & cpu=arm64
  languageName: node
  linkType: hard

"@esbuild/darwin-x64@npm:0.19.5":
  version: 0.19.5
  resolution: "@esbuild/darwin-x64@npm:0.19.5"
  conditions: os=darwin & cpu=x64
  languageName: node
  linkType: hard

"@esbuild/freebsd-arm64@npm:0.19.5":
  version: 0.19.5
  resolution: "@esbuild/freebsd-arm64@npm:0.19.5"
  conditions: os=freebsd & cpu=arm64
  languageName: node
  linkType: hard

"@esbuild/freebsd-x64@npm:0.19.5":
  version: 0.19.5
  resolution: "@esbuild/freebsd-x64@npm:0.19.5"
  conditions: os=freebsd & cpu=x64
  languageName: node
  linkType: hard

"@esbuild/linux-arm64@npm:0.19.5":
  version: 0.19.5
  resolution: "@esbuild/linux-arm64@npm:0.19.5"
  conditions: os=linux & cpu=arm64
  languageName: node
  linkType: hard

"@esbuild/linux-arm@npm:0.19.5":
  version: 0.19.5
  resolution: "@esbuild/linux-arm@npm:0.19.5"
  conditions: os=linux & cpu=arm
  languageName: node
  linkType: hard

"@esbuild/linux-ia32@npm:0.19.5":
  version: 0.19.5
  resolution: "@esbuild/linux-ia32@npm:0.19.5"
  conditions: os=linux & cpu=ia32
  languageName: node
  linkType: hard

"@esbuild/linux-loong64@npm:0.19.5":
  version: 0.19.5
  resolution: "@esbuild/linux-loong64@npm:0.19.5"
  conditions: os=linux & cpu=loong64
  languageName: node
  linkType: hard

"@esbuild/linux-mips64el@npm:0.19.5":
  version: 0.19.5
  resolution: "@esbuild/linux-mips64el@npm:0.19.5"
  conditions: os=linux & cpu=mips64el
  languageName: node
  linkType: hard

"@esbuild/linux-ppc64@npm:0.19.5":
  version: 0.19.5
  resolution: "@esbuild/linux-ppc64@npm:0.19.5"
  conditions: os=linux & cpu=ppc64
  languageName: node
  linkType: hard

"@esbuild/linux-riscv64@npm:0.19.5":
  version: 0.19.5
  resolution: "@esbuild/linux-riscv64@npm:0.19.5"
  conditions: os=linux & cpu=riscv64
  languageName: node
  linkType: hard

"@esbuild/linux-s390x@npm:0.19.5":
  version: 0.19.5
  resolution: "@esbuild/linux-s390x@npm:0.19.5"
  conditions: os=linux & cpu=s390x
  languageName: node
  linkType: hard

"@esbuild/linux-x64@npm:0.19.5":
  version: 0.19.5
  resolution: "@esbuild/linux-x64@npm:0.19.5"
  conditions: os=linux & cpu=x64
  languageName: node
  linkType: hard

"@esbuild/netbsd-x64@npm:0.19.5":
  version: 0.19.5
  resolution: "@esbuild/netbsd-x64@npm:0.19.5"
  conditions: os=netbsd & cpu=x64
  languageName: node
  linkType: hard

"@esbuild/openbsd-x64@npm:0.19.5":
  version: 0.19.5
  resolution: "@esbuild/openbsd-x64@npm:0.19.5"
  conditions: os=openbsd & cpu=x64
  languageName: node
  linkType: hard

"@esbuild/sunos-x64@npm:0.19.5":
  version: 0.19.5
  resolution: "@esbuild/sunos-x64@npm:0.19.5"
  conditions: os=sunos & cpu=x64
  languageName: node
  linkType: hard

"@esbuild/win32-arm64@npm:0.19.5":
  version: 0.19.5
  resolution: "@esbuild/win32-arm64@npm:0.19.5"
  conditions: os=win32 & cpu=arm64
  languageName: node
  linkType: hard

"@esbuild/win32-ia32@npm:0.19.5":
  version: 0.19.5
  resolution: "@esbuild/win32-ia32@npm:0.19.5"
  conditions: os=win32 & cpu=ia32
  languageName: node
  linkType: hard

"@esbuild/win32-x64@npm:0.19.5":
  version: 0.19.5
  resolution: "@esbuild/win32-x64@npm:0.19.5"
  conditions: os=win32 & cpu=x64
  languageName: node
  linkType: hard

"@types/node@npm:^20.8.7":
  version: 20.8.7
  resolution: "@types/node@npm:20.8.7"
  dependencies:
    undici-types: ~5.25.1
  checksum: 2173c0c03daefcb60c03a61b1371b28c8fe412e7a40dc6646458b809d14a85fbc7aeb369d957d57f0aaaafd99964e77436f29b3b579232d8f2b20c58abbd1d25
  languageName: node
  linkType: hard

"dtsc@npm:^2.3.0":
  version: 2.3.0
  resolution: "dtsc@npm:2.3.0"
  dependencies:
    tsconfig-utils: ^3.0.0
  peerDependencies:
    typescript: "*"
  bin:
    dtsc: lib/bin.js
  checksum: 7ec872e130b8fea7b24be3c5d2a40b1459babca8ee19aa48c25ed64b6094798d8888fcef42c1820dfe6ef6e9c27d3ade25b50bcdd736a79254a5b14e5daad46a
  languageName: node
  linkType: hard

"esbuild@npm:^0.19.5":
  version: 0.19.5
  resolution: "esbuild@npm:0.19.5"
  dependencies:
    "@esbuild/android-arm": 0.19.5
    "@esbuild/android-arm64": 0.19.5
    "@esbuild/android-x64": 0.19.5
    "@esbuild/darwin-arm64": 0.19.5
    "@esbuild/darwin-x64": 0.19.5
    "@esbuild/freebsd-arm64": 0.19.5
    "@esbuild/freebsd-x64": 0.19.5
    "@esbuild/linux-arm": 0.19.5
    "@esbuild/linux-arm64": 0.19.5
    "@esbuild/linux-ia32": 0.19.5
    "@esbuild/linux-loong64": 0.19.5
    "@esbuild/linux-mips64el": 0.19.5
    "@esbuild/linux-ppc64": 0.19.5
    "@esbuild/linux-riscv64": 0.19.5
    "@esbuild/linux-s390x": 0.19.5
    "@esbuild/linux-x64": 0.19.5
    "@esbuild/netbsd-x64": 0.19.5
    "@esbuild/openbsd-x64": 0.19.5
    "@esbuild/sunos-x64": 0.19.5
    "@esbuild/win32-arm64": 0.19.5
    "@esbuild/win32-ia32": 0.19.5
    "@esbuild/win32-x64": 0.19.5
  dependenciesMeta:
    "@esbuild/android-arm":
      optional: true
    "@esbuild/android-arm64":
      optional: true
    "@esbuild/android-x64":
      optional: true
    "@esbuild/darwin-arm64":
      optional: true
    "@esbuild/darwin-x64":
      optional: true
    "@esbuild/freebsd-arm64":
      optional: true
    "@esbuild/freebsd-x64":
      optional: true
    "@esbuild/linux-arm":
      optional: true
    "@esbuild/linux-arm64":
      optional: true
    "@esbuild/linux-ia32":
      optional: true
    "@esbuild/linux-loong64":
      optional: true
    "@esbuild/linux-mips64el":
      optional: true
    "@esbuild/linux-ppc64":
      optional: true
    "@esbuild/linux-riscv64":
      optional: true
    "@esbuild/linux-s390x":
      optional: true
    "@esbuild/linux-x64":
      optional: true
    "@esbuild/netbsd-x64":
      optional: true
    "@esbuild/openbsd-x64":
      optional: true
    "@esbuild/sunos-x64":
      optional: true
    "@esbuild/win32-arm64":
      optional: true
    "@esbuild/win32-ia32":
      optional: true
    "@esbuild/win32-x64":
      optional: true
  bin:
    esbuild: bin/esbuild
  checksum: 5a0227cf6ffffa3076714d88230af1dfdd2fc363d91bd712a81fb91230c315a395e2c9b7588eee62986aeebf4999804b9b1b59eeab8e2457184eb0056bfe20c8
  languageName: node
  linkType: hard

"json5@npm:^2.2.3":
  version: 2.2.3
  resolution: "json5@npm:2.2.3"
  bin:
    json5: lib/cli.js
  checksum: 2a7436a93393830bce797d4626275152e37e877b265e94ca69c99e3d20c2b9dab021279146a39cdb700e71b2dd32a4cebd1514cd57cee102b1af906ce5040349
  languageName: node
  linkType: hard

"silk-wasm@workspace:.":
  version: 0.0.0-use.local
  resolution: "silk-wasm@workspace:."
  dependencies:
    "@types/node": ^20.8.7
    dtsc: ^2.3.0
    esbuild: ^0.19.5
    typescript: ^5.2.2
  languageName: unknown
  linkType: soft

"tsconfig-utils@npm:^3.0.0":
  version: 3.1.3
  resolution: "tsconfig-utils@npm:3.1.3"
  dependencies:
    json5: ^2.2.3
  peerDependencies:
    typescript: "*"
  checksum: b9230fd46ecb819bbdd871a82065d73c5204382800c3aa111c65631c2bb6b6c1a17e1ffa326f60e2b69ffc73eadb12269a6e53d2544ab1585c22132477dfa42c
  languageName: node
  linkType: hard

"typescript@npm:^5.2.2":
  version: 5.2.2
  resolution: "typescript@npm:5.2.2"
  bin:
    tsc: bin/tsc
    tsserver: bin/tsserver
  checksum: 7912821dac4d962d315c36800fe387cdc0a6298dba7ec171b350b4a6e988b51d7b8f051317786db1094bd7431d526b648aba7da8236607febb26cf5b871d2d3c
  languageName: node
  linkType: hard

"typescript@patch:typescript@^5.2.2#~builtin<compat/typescript>":
  version: 5.2.2
  resolution: "typescript@patch:typescript@npm%3A5.2.2#~builtin<compat/typescript>::version=5.2.2&hash=77c9e2"
  bin:
    tsc: bin/tsc
    tsserver: bin/tsserver
  checksum: 07106822b4305de3f22835cbba949a2b35451cad50888759b6818421290ff95d522b38ef7919e70fb381c5fe9c1c643d7dea22c8b31652a717ddbd57b7f4d554
  languageName: node
  linkType: hard

"undici-types@npm:~5.25.1":
  version: 5.25.3
  resolution: "undici-types@npm:5.25.3"
  checksum: ec9d2cc36520cbd9fbe3b3b6c682a87fe5be214699e1f57d1e3d9a2cb5be422e62735f06e0067dc325fd3dd7404c697e4d479f9147dc8a804e049e29f357f2ff
  languageName: node
  linkType: hard
