# This file is generated by running "yarn install" inside your project.
# Manual changes might be lost - proceed with caution!

__metadata:
  version: 6
  cacheKey: 8

"@esbuild/android-arm64@npm:0.19.5":
  version: 0.19.5
  resolution: "@esbuild/android-arm64@npm:0.19.5"
  conditions: os=android & cpu=arm64
  languageName: node
  linkType: hard

"@esbuild/android-arm@npm:0.19.5":
  version: 0.19.5
  resolution: "@esbuild/android-arm@npm:0.19.5"
  conditions: os=android & cpu=arm
  languageName: node
  linkType: hard

"@esbuild/android-x64@npm:0.19.5":
  version: 0.19.5
  resolution: "@esbuild/android-x64@npm:0.19.5"
  conditions: os=android & cpu=x64
  languageName: node
  linkType: hard

"@esbuild/darwin-arm64@npm:0.19.5":
  version: 0.19.5
  resolution: "@esbuild/darwin-arm64@npm:0.19.5"
  conditions: os=darwin & cpu=arm64
  languageName: node
  linkType: hard

"@esbuild/darwin-x64@npm:0.19.5":
  version: 0.19.5
  resolution: "@esbuild/darwin-x64@npm:0.19.5"
  conditions: os=darwin & cpu=x64
  languageName: node
  linkType: hard

"@esbuild/freebsd-arm64@npm:0.19.5":
  version: 0.19.5
  resolution: "@esbuild/freebsd-arm64@npm:0.19.5"
  conditions: os=freebsd & cpu=arm64
  languageName: node
  linkType: hard

"@esbuild/freebsd-x64@npm:0.19.5":
  version: 0.19.5
  resolution: "@esbuild/freebsd-x64@npm:0.19.5"
  conditions: os=freebsd & cpu=x64
  languageName: node
  linkType: hard

"@esbuild/linux-arm64@npm:0.19.5":
  version: 0.19.5
  resolution: "@esbuild/linux-arm64@npm:0.19.5"
  conditions: os=linux & cpu=arm64
  languageName: node
  linkType: hard

"@esbuild/linux-arm@npm:0.19.5":
  version: 0.19.5
  resolution: "@esbuild/linux-arm@npm:0.19.5"
  conditions: os=linux & cpu=arm
  languageName: node
  linkType: hard

"@esbuild/linux-ia32@npm:0.19.5":
  version: 0.19.5
  resolution: "@esbuild/linux-ia32@npm:0.19.5"
  conditions: os=linux & cpu=ia32
  languageName: node
  linkType: hard

"@esbuild/linux-loong64@npm:0.19.5":
  version: 0.19.5
  resolution: "@esbuild/linux-loong64@npm:0.19.5"
  conditions: os=linux & cpu=loong64
  languageName: node
  linkType: hard

"@esbuild/linux-mips64el@npm:0.19.5":
  version: 0.19.5
  resolution: "@esbuild/linux-mips64el@npm:0.19.5"
  conditions: os=linux & cpu=mips64el
  languageName: node
  linkType: hard

"@esbuild/linux-ppc64@npm:0.19.5":
  version: 0.19.5
  resolution: "@esbuild/linux-ppc64@npm:0.19.5"
  conditions: os=linux & cpu=ppc64
  languageName: node
  linkType: hard

"@esbuild/linux-riscv64@npm:0.19.5":
  version: 0.19.5
  resolution: "@esbuild/linux-riscv64@npm:0.19.5"
  conditions: os=linux & cpu=riscv64
  languageName: node
  linkType: hard

"@esbuild/linux-s390x@npm:0.19.5":
  version: 0.19.5
  resolution: "@esbuild/linux-s390x@npm:0.19.5"
  conditions: os=linux & cpu=s390x
  languageName: node
  linkType: hard

"@esbuild/linux-x64@npm:0.19.5":
  version: 0.19.5
  resolution: "@esbuild/linux-x64@npm:0.19.5"
  conditions: os=linux & cpu=x64
  languageName: node
  linkType: hard

"@esbuild/netbsd-x64@npm:0.19.5":
  version: 0.19.5
  resolution: "@esbuild/netbsd-x64@npm:0.19.5"
  conditions: os=netbsd & cpu=x64
  languageName: node
  linkType: hard

"@esbuild/openbsd-x64@npm:0.19.5":
  version: 0.19.5
  resolution: "@esbuild/openbsd-x64@npm:0.19.5"
  conditions: os=openbsd & cpu=x64
  languageName: node
  linkType: hard

"@esbuild/sunos-x64@npm:0.19.5":
  version: 0.19.5
  resolution: "@esbuild/sunos-x64@npm:0.19.5"
  conditions: os=sunos & cpu=x64
  languageName: node
  linkType: hard

"@esbuild/win32-arm64@npm:0.19.5":
  version: 0.19.5
  resolution: "@esbuild/win32-arm64@npm:0.19.5"
  conditions: os=win32 & cpu=arm64
  languageName: node
  linkType: hard

"@esbuild/win32-ia32@npm:0.19.5":
  version: 0.19.5
  resolution: "@esbuild/win32-ia32@npm:0.19.5"
  conditions: os=win32 & cpu=ia32
  languageName: node
  linkType: hard

"@esbuild/win32-x64@npm:0.19.5":
  version: 0.19.5
  resolution: "@esbuild/win32-x64@npm:0.19.5"
  conditions: os=win32 & cpu=x64
  languageName: node
  linkType: hard

"@types/node@npm:^20.8.9":
  version: 20.8.9
  resolution: "@types/node@npm:20.8.9"
  dependencies:
    undici-types: ~5.26.4
  checksum: 0c05f3502a9507ff27e91dd6fd574fa6f391b3fafedcfe8e0c8d33351fb22d02c0121f854e5b6b3ecb9a8a468407ddf6e7ac0029fb236d4c7e1361ffc758a01f
  languageName: node
  linkType: hard

"esbuild@npm:^0.19.5":
  version: 0.19.5
  resolution: "esbuild@npm:0.19.5"
  dependencies:
    "@esbuild/android-arm": 0.19.5
    "@esbuild/android-arm64": 0.19.5
    "@esbuild/android-x64": 0.19.5
    "@esbuild/darwin-arm64": 0.19.5
    "@esbuild/darwin-x64": 0.19.5
    "@esbuild/freebsd-arm64": 0.19.5
    "@esbuild/freebsd-x64": 0.19.5
    "@esbuild/linux-arm": 0.19.5
    "@esbuild/linux-arm64": 0.19.5
    "@esbuild/linux-ia32": 0.19.5
    "@esbuild/linux-loong64": 0.19.5
    "@esbuild/linux-mips64el": 0.19.5
    "@esbuild/linux-ppc64": 0.19.5
    "@esbuild/linux-riscv64": 0.19.5
    "@esbuild/linux-s390x": 0.19.5
    "@esbuild/linux-x64": 0.19.5
    "@esbuild/netbsd-x64": 0.19.5
    "@esbuild/openbsd-x64": 0.19.5
    "@esbuild/sunos-x64": 0.19.5
    "@esbuild/win32-arm64": 0.19.5
    "@esbuild/win32-ia32": 0.19.5
    "@esbuild/win32-x64": 0.19.5
  dependenciesMeta:
    "@esbuild/android-arm":
      optional: true
    "@esbuild/android-arm64":
      optional: true
    "@esbuild/android-x64":
      optional: true
    "@esbuild/darwin-arm64":
      optional: true
    "@esbuild/darwin-x64":
      optional: true
    "@esbuild/freebsd-arm64":
      optional: true
    "@esbuild/freebsd-x64":
      optional: true
    "@esbuild/linux-arm":
      optional: true
    "@esbuild/linux-arm64":
      optional: true
    "@esbuild/linux-ia32":
      optional: true
    "@esbuild/linux-loong64":
      optional: true
    "@esbuild/linux-mips64el":
      optional: true
    "@esbuild/linux-ppc64":
      optional: true
    "@esbuild/linux-riscv64":
      optional: true
    "@esbuild/linux-s390x":
      optional: true
    "@esbuild/linux-x64":
      optional: true
    "@esbuild/netbsd-x64":
      optional: true
    "@esbuild/openbsd-x64":
      optional: true
    "@esbuild/sunos-x64":
      optional: true
    "@esbuild/win32-arm64":
      optional: true
    "@esbuild/win32-ia32":
      optional: true
    "@esbuild/win32-x64":
      optional: true
  bin:
    esbuild: bin/esbuild
  checksum: 5a0227cf6ffffa3076714d88230af1dfdd2fc363d91bd712a81fb91230c315a395e2c9b7588eee62986aeebf4999804b9b1b59eeab8e2457184eb0056bfe20c8
  languageName: node
  linkType: hard

"silk-wasm@workspace:.":
  version: 0.0.0-use.local
  resolution: "silk-wasm@workspace:."
  dependencies:
    "@types/node": ^20.8.9
    esbuild: ^0.19.5
    typescript: ^5.2.2
  languageName: unknown
  linkType: soft

"typescript@npm:^5.2.2":
  version: 5.2.2
  resolution: "typescript@npm:5.2.2"
  bin:
    tsc: bin/tsc
    tsserver: bin/tsserver
  checksum: 7912821dac4d962d315c36800fe387cdc0a6298dba7ec171b350b4a6e988b51d7b8f051317786db1094bd7431d526b648aba7da8236607febb26cf5b871d2d3c
  languageName: node
  linkType: hard

"typescript@patch:typescript@^5.2.2#~builtin<compat/typescript>":
  version: 5.2.2
  resolution: "typescript@patch:typescript@npm%3A5.2.2#~builtin<compat/typescript>::version=5.2.2&hash=77c9e2"
  bin:
    tsc: bin/tsc
    tsserver: bin/tsserver
  checksum: 07106822b4305de3f22835cbba949a2b35451cad50888759b6818421290ff95d522b38ef7919e70fb381c5fe9c1c643d7dea22c8b31652a717ddbd57b7f4d554
  languageName: node
  linkType: hard

"undici-types@npm:~5.26.4":
  version: 5.26.5
  resolution: "undici-types@npm:5.26.5"
  checksum: 3192ef6f3fd5df652f2dc1cd782b49d6ff14dc98e5dced492aa8a8c65425227da5da6aafe22523c67f035a272c599bb89cfe803c1db6311e44bed3042fc25487
  languageName: node
  linkType: hard
