# This file is generated by running "yarn install" inside your project.
# Manual changes might be lost - proceed with caution!

__metadata:
  version: 8
  cacheKey: 10c0

"@esbuild/android-arm64@npm:0.19.8":
  version: 0.19.8
  resolution: "@esbuild/android-arm64@npm:0.19.8"
  conditions: os=android & cpu=arm64
  languageName: node
  linkType: hard

"@esbuild/android-arm@npm:0.19.8":
  version: 0.19.8
  resolution: "@esbuild/android-arm@npm:0.19.8"
  conditions: os=android & cpu=arm
  languageName: node
  linkType: hard

"@esbuild/android-x64@npm:0.19.8":
  version: 0.19.8
  resolution: "@esbuild/android-x64@npm:0.19.8"
  conditions: os=android & cpu=x64
  languageName: node
  linkType: hard

"@esbuild/darwin-arm64@npm:0.19.8":
  version: 0.19.8
  resolution: "@esbuild/darwin-arm64@npm:0.19.8"
  conditions: os=darwin & cpu=arm64
  languageName: node
  linkType: hard

"@esbuild/darwin-x64@npm:0.19.8":
  version: 0.19.8
  resolution: "@esbuild/darwin-x64@npm:0.19.8"
  conditions: os=darwin & cpu=x64
  languageName: node
  linkType: hard

"@esbuild/freebsd-arm64@npm:0.19.8":
  version: 0.19.8
  resolution: "@esbuild/freebsd-arm64@npm:0.19.8"
  conditions: os=freebsd & cpu=arm64
  languageName: node
  linkType: hard

"@esbuild/freebsd-x64@npm:0.19.8":
  version: 0.19.8
  resolution: "@esbuild/freebsd-x64@npm:0.19.8"
  conditions: os=freebsd & cpu=x64
  languageName: node
  linkType: hard

"@esbuild/linux-arm64@npm:0.19.8":
  version: 0.19.8
  resolution: "@esbuild/linux-arm64@npm:0.19.8"
  conditions: os=linux & cpu=arm64
  languageName: node
  linkType: hard

"@esbuild/linux-arm@npm:0.19.8":
  version: 0.19.8
  resolution: "@esbuild/linux-arm@npm:0.19.8"
  conditions: os=linux & cpu=arm
  languageName: node
  linkType: hard

"@esbuild/linux-ia32@npm:0.19.8":
  version: 0.19.8
  resolution: "@esbuild/linux-ia32@npm:0.19.8"
  conditions: os=linux & cpu=ia32
  languageName: node
  linkType: hard

"@esbuild/linux-loong64@npm:0.19.8":
  version: 0.19.8
  resolution: "@esbuild/linux-loong64@npm:0.19.8"
  conditions: os=linux & cpu=loong64
  languageName: node
  linkType: hard

"@esbuild/linux-mips64el@npm:0.19.8":
  version: 0.19.8
  resolution: "@esbuild/linux-mips64el@npm:0.19.8"
  conditions: os=linux & cpu=mips64el
  languageName: node
  linkType: hard

"@esbuild/linux-ppc64@npm:0.19.8":
  version: 0.19.8
  resolution: "@esbuild/linux-ppc64@npm:0.19.8"
  conditions: os=linux & cpu=ppc64
  languageName: node
  linkType: hard

"@esbuild/linux-riscv64@npm:0.19.8":
  version: 0.19.8
  resolution: "@esbuild/linux-riscv64@npm:0.19.8"
  conditions: os=linux & cpu=riscv64
  languageName: node
  linkType: hard

"@esbuild/linux-s390x@npm:0.19.8":
  version: 0.19.8
  resolution: "@esbuild/linux-s390x@npm:0.19.8"
  conditions: os=linux & cpu=s390x
  languageName: node
  linkType: hard

"@esbuild/linux-x64@npm:0.19.8":
  version: 0.19.8
  resolution: "@esbuild/linux-x64@npm:0.19.8"
  conditions: os=linux & cpu=x64
  languageName: node
  linkType: hard

"@esbuild/netbsd-x64@npm:0.19.8":
  version: 0.19.8
  resolution: "@esbuild/netbsd-x64@npm:0.19.8"
  conditions: os=netbsd & cpu=x64
  languageName: node
  linkType: hard

"@esbuild/openbsd-x64@npm:0.19.8":
  version: 0.19.8
  resolution: "@esbuild/openbsd-x64@npm:0.19.8"
  conditions: os=openbsd & cpu=x64
  languageName: node
  linkType: hard

"@esbuild/sunos-x64@npm:0.19.8":
  version: 0.19.8
  resolution: "@esbuild/sunos-x64@npm:0.19.8"
  conditions: os=sunos & cpu=x64
  languageName: node
  linkType: hard

"@esbuild/win32-arm64@npm:0.19.8":
  version: 0.19.8
  resolution: "@esbuild/win32-arm64@npm:0.19.8"
  conditions: os=win32 & cpu=arm64
  languageName: node
  linkType: hard

"@esbuild/win32-ia32@npm:0.19.8":
  version: 0.19.8
  resolution: "@esbuild/win32-ia32@npm:0.19.8"
  conditions: os=win32 & cpu=ia32
  languageName: node
  linkType: hard

"@esbuild/win32-x64@npm:0.19.8":
  version: 0.19.8
  resolution: "@esbuild/win32-x64@npm:0.19.8"
  conditions: os=win32 & cpu=x64
  languageName: node
  linkType: hard

"@types/node@npm:^20.10.3":
  version: 20.10.3
  resolution: "@types/node@npm:20.10.3"
  dependencies:
    undici-types: "npm:~5.26.4"
  checksum: 7c8a0327a29d68a0bb152ae30e8c4738638515dd599064821c9d0c1884a1efa103021cd8f8c91e690cd56b0602bb6fe0e6651a5df2337bdc85e0c0f66054b2ce
  languageName: node
  linkType: hard

"esbuild@npm:^0.19.8":
  version: 0.19.8
  resolution: "esbuild@npm:0.19.8"
  dependencies:
    "@esbuild/android-arm": "npm:0.19.8"
    "@esbuild/android-arm64": "npm:0.19.8"
    "@esbuild/android-x64": "npm:0.19.8"
    "@esbuild/darwin-arm64": "npm:0.19.8"
    "@esbuild/darwin-x64": "npm:0.19.8"
    "@esbuild/freebsd-arm64": "npm:0.19.8"
    "@esbuild/freebsd-x64": "npm:0.19.8"
    "@esbuild/linux-arm": "npm:0.19.8"
    "@esbuild/linux-arm64": "npm:0.19.8"
    "@esbuild/linux-ia32": "npm:0.19.8"
    "@esbuild/linux-loong64": "npm:0.19.8"
    "@esbuild/linux-mips64el": "npm:0.19.8"
    "@esbuild/linux-ppc64": "npm:0.19.8"
    "@esbuild/linux-riscv64": "npm:0.19.8"
    "@esbuild/linux-s390x": "npm:0.19.8"
    "@esbuild/linux-x64": "npm:0.19.8"
    "@esbuild/netbsd-x64": "npm:0.19.8"
    "@esbuild/openbsd-x64": "npm:0.19.8"
    "@esbuild/sunos-x64": "npm:0.19.8"
    "@esbuild/win32-arm64": "npm:0.19.8"
    "@esbuild/win32-ia32": "npm:0.19.8"
    "@esbuild/win32-x64": "npm:0.19.8"
  dependenciesMeta:
    "@esbuild/android-arm":
      optional: true
    "@esbuild/android-arm64":
      optional: true
    "@esbuild/android-x64":
      optional: true
    "@esbuild/darwin-arm64":
      optional: true
    "@esbuild/darwin-x64":
      optional: true
    "@esbuild/freebsd-arm64":
      optional: true
    "@esbuild/freebsd-x64":
      optional: true
    "@esbuild/linux-arm":
      optional: true
    "@esbuild/linux-arm64":
      optional: true
    "@esbuild/linux-ia32":
      optional: true
    "@esbuild/linux-loong64":
      optional: true
    "@esbuild/linux-mips64el":
      optional: true
    "@esbuild/linux-ppc64":
      optional: true
    "@esbuild/linux-riscv64":
      optional: true
    "@esbuild/linux-s390x":
      optional: true
    "@esbuild/linux-x64":
      optional: true
    "@esbuild/netbsd-x64":
      optional: true
    "@esbuild/openbsd-x64":
      optional: true
    "@esbuild/sunos-x64":
      optional: true
    "@esbuild/win32-arm64":
      optional: true
    "@esbuild/win32-ia32":
      optional: true
    "@esbuild/win32-x64":
      optional: true
  bin:
    esbuild: bin/esbuild
  checksum: 57d7d0bc40965bdd9d4c2d76d7f9b8890c59d764e2e3820d3b01af03b6187a90efc0acf05ec900d66672c15760d7377bd22d9330d302fecc492b27065c6941a6
  languageName: node
  linkType: hard

"silk-wasm@workspace:.":
  version: 0.0.0-use.local
  resolution: "silk-wasm@workspace:."
  dependencies:
    "@types/node": "npm:^20.10.3"
    esbuild: "npm:^0.19.8"
    typescript: "npm:^5.3.2"
  languageName: unknown
  linkType: soft

"typescript@npm:^5.3.2":
  version: 5.3.2
  resolution: "typescript@npm:5.3.2"
  bin:
    tsc: bin/tsc
    tsserver: bin/tsserver
  checksum: d7dbe1fbe19039e36a65468ea64b5d338c976550394ba576b7af9c68ed40c0bc5d12ecce390e4b94b287a09a71bd3229f19c2d5680611f35b7c53a3898791159
  languageName: node
  linkType: hard

"typescript@patch:typescript@npm%3A^5.3.2#optional!builtin<compat/typescript>":
  version: 5.3.2
  resolution: "typescript@patch:typescript@npm%3A5.3.2#optional!builtin<compat/typescript>::version=5.3.2&hash=e012d7"
  bin:
    tsc: bin/tsc
    tsserver: bin/tsserver
  checksum: 73c8bad74e732d93211c9d77f28b03307e2f5fc6a0afc73f4b783261ab567686a16d6ae958bdaef383a00be1b0b8c8b6741dd6ca3d13af4963fa7e47456d49c7
  languageName: node
  linkType: hard

"undici-types@npm:~5.26.4":
  version: 5.26.5
  resolution: "undici-types@npm:5.26.5"
  checksum: bb673d7876c2d411b6eb6c560e0c571eef4a01c1c19925175d16e3a30c4c428181fb8d7ae802a261f283e4166a0ac435e2f505743aa9e45d893f9a3df017b501
  languageName: node
  linkType: hard
